
Microsoft Visual Studio Solution File, Format Version 12.00
# Visual Studio 15
VisualStudioVersion = 15.0.27703.2047
MinimumVisualStudioVersion = 10.0.40219.1
Project("{9A19103F-16F7-4668-BE54-9A1E7A4F7556}") = "EquityCalculator", "EquityCalculator\EquityCalculator.csproj", "{48335112-A3A9-4A74-9B19-BC5C5310E511}"
EndProject
Project("{9A19103F-16F7-4668-BE54-9A1E7A4F7556}") = "Services", "Services\Services.csproj", "{5852CF74-2CE7-4452-A601-875BD0110317}"
EndProject
Project("{9A19103F-16F7-4668-BE54-9A1E7A4F7556}") = "Models", "Models\Models.csproj", "{84D00C26-AEFB-4E4E-A8FF-22DA65B2535C}"
EndProject
Project("{9A19103F-16F7-4668-BE54-9A1E7A4F7556}") = "Common", "Common\Common.csproj", "{BBF8C636-353D-4F74-BA52-9786EAF6E117}"
EndProject
Project("{FAE04EC0-301F-11D3-BF4B-00C04F79EFBC}") = "RangeTests", "RangeTests\RangeTests.csproj", "{EB2F46A9-B568-4717-8F43-1FFC529682D0}"
EndProject
Project("{2150E333-8FDC-42A3-9474-1A3956D46DE8}") = "Tests", "Tests", "{34ABC582-6002-4452-BED0-C805A75D9D9A}"
EndProject
Global
	GlobalSection(SolutionConfigurationPlatforms) = preSolution
		Debug|Any CPU = Debug|Any CPU
		Release|Any CPU = Release|Any CPU
	EndGlobalSection
	GlobalSection(ProjectConfigurationPlatforms) = postSolution
		{48335112-A3A9-4A74-9B19-BC5C5310E511}.Debug|Any CPU.ActiveCfg = Debug|Any CPU
		{48335112-A3A9-4A74-9B19-BC5C5310E511}.Debug|Any CPU.Build.0 = Debug|Any CPU
		{48335112-A3A9-4A74-9B19-BC5C5310E511}.Release|Any CPU.ActiveCfg = Release|Any CPU
		{48335112-A3A9-4A74-9B19-BC5C5310E511}.Release|Any CPU.Build.0 = Release|Any CPU
		{5852CF74-2CE7-4452-A601-875BD0110317}.Debug|Any CPU.ActiveCfg = Debug|Any CPU
		{5852CF74-2CE7-4452-A601-875BD0110317}.Debug|Any CPU.Build.0 = Debug|Any CPU
		{5852CF74-2CE7-4452-A601-875BD0110317}.Release|Any CPU.ActiveCfg = Release|Any CPU
		{5852CF74-2CE7-4452-A601-875BD0110317}.Release|Any CPU.Build.0 = Release|Any CPU
		{84D00C26-AEFB-4E4E-A8FF-22DA65B2535C}.Debug|Any CPU.ActiveCfg = Debug|Any CPU
		{84D00C26-AEFB-4E4E-A8FF-22DA65B2535C}.Debug|Any CPU.Build.0 = Debug|Any CPU
		{84D00C26-AEFB-4E4E-A8FF-22DA65B2535C}.Release|Any CPU.ActiveCfg = Release|Any CPU
		{84D00C26-AEFB-4E4E-A8FF-22DA65B2535C}.Release|Any CPU.Build.0 = Release|Any CPU
		{BBF8C636-353D-4F74-BA52-9786EAF6E117}.Debug|Any CPU.ActiveCfg = Debug|Any CPU
		{BBF8C636-353D-4F74-BA52-9786EAF6E117}.Debug|Any CPU.Build.0 = Debug|Any CPU
		{BBF8C636-353D-4F74-BA52-9786EAF6E117}.Release|Any CPU.ActiveCfg = Release|Any CPU
		{BBF8C636-353D-4F74-BA52-9786EAF6E117}.Release|Any CPU.Build.0 = Release|Any CPU
		{EB2F46A9-B568-4717-8F43-1FFC529682D0}.Debug|Any CPU.ActiveCfg = Debug|Any CPU
		{EB2F46A9-B568-4717-8F43-1FFC529682D0}.Debug|Any CPU.Build.0 = Debug|Any CPU
		{EB2F46A9-B568-4717-8F43-1FFC529682D0}.Release|Any CPU.ActiveCfg = Release|Any CPU
		{EB2F46A9-B568-4717-8F43-1FFC529682D0}.Release|Any CPU.Build.0 = Release|Any CPU
	EndGlobalSection
	GlobalSection(SolutionProperties) = preSolution
		HideSolutionNode = FALSE
	EndGlobalSection
	GlobalSection(NestedProjects) = preSolution
		{EB2F46A9-B568-4717-8F43-1FFC529682D0} = {34ABC582-6002-4452-BED0-C805A75D9D9A}
	EndGlobalSection
	GlobalSection(ExtensibilityGlobals) = postSolution
		SolutionGuid = {929ABA17-305C-4679-80BC-590609927382}
	EndGlobalSection
EndGlobal
